
Microsoft Visual Studio Solution File, Format Version 12.00
# Visual Studio Version 17
VisualStudioVersion = 17.14.36811.4
MinimumVisualStudioVersion = 10.0.40219.1
Project("{FAE04EC0-301F-11D3-BF4B-00C04F79EFBC}") = "ADO", "ADO\ADO.csproj", "{852840EF-9262-407C-A2C2-9C8817AE89AF}"
EndProject
Project("{FAE04EC0-301F-11D3-BF4B-00C04F79EFBC}") = "ConnectorDll", "ConnectorDll\ConnectorDll.csproj", "{BE241390-338D-4398-87B8-DEB499AB4885}"
EndProject
Project("{FAE04EC0-301F-11D3-BF4B-00C04F79EFBC}") = "CheckDll", "CheckDll\CheckDll.csproj", "{A33119C0-3F10-48B2-B3BA-3A55505160F0}"
EndProject
Global
	GlobalSection(SolutionConfigurationPlatforms) = preSolution
		Debug|Any CPU = Debug|Any CPU
		Release|Any CPU = Release|Any CPU
	EndGlobalSection
	GlobalSection(ProjectConfigurationPlatforms) = postSolution
		{852840EF-9262-407C-A2C2-9C8817AE89AF}.Debug|Any CPU.ActiveCfg = Debug|Any CPU
		{852840EF-9262-407C-A2C2-9C8817AE89AF}.Debug|Any CPU.Build.0 = Debug|Any CPU
		{852840EF-9262-407C-A2C2-9C8817AE89AF}.Release|Any CPU.ActiveCfg = Release|Any CPU
		{852840EF-9262-407C-A2C2-9C8817AE89AF}.Release|Any CPU.Build.0 = Release|Any CPU
		{BE241390-338D-4398-87B8-DEB499AB4885}.Debug|Any CPU.ActiveCfg = Debug|Any CPU
		{BE241390-338D-4398-87B8-DEB499AB4885}.Debug|Any CPU.Build.0 = Debug|Any CPU
		{BE241390-338D-4398-87B8-DEB499AB4885}.Release|Any CPU.ActiveCfg = Release|Any CPU
		{BE241390-338D-4398-87B8-DEB499AB4885}.Release|Any CPU.Build.0 = Release|Any CPU
		{A33119C0-3F10-48B2-B3BA-3A55505160F0}.Debug|Any CPU.ActiveCfg = Debug|Any CPU
		{A33119C0-3F10-48B2-B3BA-3A55505160F0}.Debug|Any CPU.Build.0 = Debug|Any CPU
		{A33119C0-3F10-48B2-B3BA-3A55505160F0}.Release|Any CPU.ActiveCfg = Release|Any CPU
		{A33119C0-3F10-48B2-B3BA-3A55505160F0}.Release|Any CPU.Build.0 = Release|Any CPU
	EndGlobalSection
	GlobalSection(SolutionProperties) = preSolution
		HideSolutionNode = FALSE
	EndGlobalSection
	GlobalSection(ExtensibilityGlobals) = postSolution
		SolutionGuid = {E8778A94-73ED-47B0-9543-16F002383E21}
	EndGlobalSection
EndGlobal
